
Microsoft Visual Studio Solution File, Format Version 12.00
# Visual Studio Version 16
VisualStudioVersion = 16.0.31025.194
MinimumVisualStudioVersion = 10.0.40219.1
Project("{FAE04EC0-301F-11D3-BF4B-00C04F79EFBC}") = "Seabattle", "Seabattle\Seabattle.csproj", "{50E66445-F00F-4010-8C31-90F00E26ED8D}"
EndProject
Global
	GlobalSection(SolutionConfigurationPlatforms) = preSolution
		Debug|Any CPU = Debug|Any CPU
		Release|Any CPU = Release|Any CPU
	EndGlobalSection
	GlobalSection(ProjectConfigurationPlatforms) = postSolution
		{50E66445-F00F-4010-8C31-90F00E26ED8D}.Debug|Any CPU.ActiveCfg = Debug|Any CPU
		{50E66445-F00F-4010-8C31-90F00E26ED8D}.Debug|Any CPU.Build.0 = Debug|Any CPU
		{50E66445-F00F-4010-8C31-90F00E26ED8D}.Release|Any CPU.ActiveCfg = Release|Any CPU
		{50E66445-F00F-4010-8C31-90F00E26ED8D}.Release|Any CPU.Build.0 = Release|Any CPU
	EndGlobalSection
	GlobalSection(SolutionProperties) = preSolution
		HideSolutionNode = FALSE
	EndGlobalSection
	GlobalSection(ExtensibilityGlobals) = postSolution
		SolutionGuid = {94EF2120-3C1F-47EF-9F85-29D03AD77D91}
	EndGlobalSection
EndGlobal
