
Microsoft Visual Studio Solution File, Format Version 12.00
Project("{FAE04EC0-301F-11D3-BF4B-00C04F79EFBC}") = "SeaBattle", "SeaBattle\SeaBattle.csproj", "{F4733677-8AC4-4843-8D11-B8B01E960222}"
EndProject
Global
	GlobalSection(SolutionConfigurationPlatforms) = preSolution
		Debug|Any CPU = Debug|Any CPU
		Release|Any CPU = Release|Any CPU
	EndGlobalSection
	GlobalSection(ProjectConfigurationPlatforms) = postSolution
		{F4733677-8AC4-4843-8D11-B8B01E960222}.Debug|Any CPU.ActiveCfg = Debug|Any CPU
		{F4733677-8AC4-4843-8D11-B8B01E960222}.Debug|Any CPU.Build.0 = Debug|Any CPU
		{F4733677-8AC4-4843-8D11-B8B01E960222}.Release|Any CPU.ActiveCfg = Release|Any CPU
		{F4733677-8AC4-4843-8D11-B8B01E960222}.Release|Any CPU.Build.0 = Release|Any CPU
	EndGlobalSection
EndGlobal
